# THIS IS AN AUTOGENERATED FILE. DO NOT EDIT THIS FILE DIRECTLY.
# yarn lockfile v1


convert-csv-to-json@^0.0.14:
  version "0.0.14"
  resolved "https://registry.yarnpkg.com/convert-csv-to-json/-/convert-csv-to-json-0.0.14.tgz#0cf1296062b236f7abb24f343e0c27f2d5e65e0d"
  integrity sha512-ls+SZ1jfcAOmm93FRij1Bcywp6vVMqu2nk5iacDR2RyCjFIMypzgtmmC7HvJ45BvkPptnC987TpMBxMdlG3cbg==
